# This file is @generated by PDM.
# It is not intended for manual editing.

[metadata]
groups = ["default"]
strategy = ["inherit_metadata"]
lock_version = "4.5.0"
content_hash = "sha256:39d1ea18ee9e9e28238aa60280588a56f52d0dfa0e51c9869354e1b919ea0228"

[[metadata.targets]]
requires_python = "==3.11.*"

[[package]]
name = "simpy"
version = "4.1.1"
requires_python = ">=3.8"
summary = "Event discrete, process based simulation for Python."
groups = ["default"]
files = [
    {file = "simpy-4.1.1-py3-none-any.whl", hash = "sha256:7c5ae380240fd2238671160e4830956f8055830a8317edf5c05e495b3823cd88"},
    {file = "simpy-4.1.1.tar.gz", hash = "sha256:06d0750a7884b11e0e8e20ce0bc7c6d4ed5f1743d456695340d13fdff95001a6"},
]
